
Microsoft Visual Studio Solution File, Format Version 12.00
# Visual Studio Version 17
VisualStudioVersion = 17.0.31903.59
MinimumVisualStudioVersion = 10.0.40219.1
Project("{2150E333-8FDC-42A3-9474-1A3956D46DE8}") = "src", "src", "{3CBB4D37-6EE3-41BA-AF23-205E392E4CC6}"
EndProject
Project("{FAE04EC0-301F-11D3-BF4B-00C04F79EFBC}") = "StartupOrchestrator", "src\StartupOrchestrator\StartupOrchestrator.csproj", "{9F5C86BF-8684-4D20-8A97-0BCE2D9CFF1E}"
EndProject
Project("{FAE04EC0-301F-11D3-BF4B-00C04F79EFBC}") = "StartupOrchestrator.Abstractions", "src\StartupOrchestrator.Abstractions\StartupOrchestrator.Abstractions.csproj", "{311F8AB2-D7EE-484D-A62C-7C28B7E5DF75}"
EndProject
Project("{2150E333-8FDC-42A3-9474-1A3956D46DE8}") = "tests", "tests", "{02EA681E-C7D8-13C7-8484-4AC65E1B71E8}"
EndProject
Project("{2150E333-8FDC-42A3-9474-1A3956D46DE8}") = "samples", "samples", "{2EDE0511-98F6-48E9-AE50-4E1022CF42A7}"
EndProject
Project("{FAE04EC0-301F-11D3-BF4B-00C04F79EFBC}") = "StartupOrchestrator.Examples", "samples\StartupOrchestrator.Examples\StartupOrchestrator.Examples.csproj", "{52B0C4CC-279C-C82E-80DB-CACC5AC12A16}"
EndProject
Project("{FAE04EC0-301F-11D3-BF4B-00C04F79EFBC}") = "StartupOrchestrator.Tests", "tests\StartupOrchestrator.Tests\StartupOrchestrator.Tests.csproj", "{98D69A79-5876-4848-9C4B-2EE7C7B76F61}"
EndProject
Global
	GlobalSection(SolutionConfigurationPlatforms) = preSolution
		Debug|Any CPU = Debug|Any CPU
		Debug|x64 = Debug|x64
		Debug|x86 = Debug|x86
		Release|Any CPU = Release|Any CPU
		Release|x64 = Release|x64
		Release|x86 = Release|x86
	EndGlobalSection
	GlobalSection(ProjectConfigurationPlatforms) = postSolution
		{9F5C86BF-8684-4D20-8A97-0BCE2D9CFF1E}.Debug|Any CPU.ActiveCfg = Debug|Any CPU
		{9F5C86BF-8684-4D20-8A97-0BCE2D9CFF1E}.Debug|Any CPU.Build.0 = Debug|Any CPU
		{9F5C86BF-8684-4D20-8A97-0BCE2D9CFF1E}.Debug|x64.ActiveCfg = Debug|Any CPU
		{9F5C86BF-8684-4D20-8A97-0BCE2D9CFF1E}.Debug|x64.Build.0 = Debug|Any CPU
		{9F5C86BF-8684-4D20-8A97-0BCE2D9CFF1E}.Debug|x86.ActiveCfg = Debug|Any CPU
		{9F5C86BF-8684-4D20-8A97-0BCE2D9CFF1E}.Debug|x86.Build.0 = Debug|Any CPU
		{9F5C86BF-8684-4D20-8A97-0BCE2D9CFF1E}.Release|Any CPU.ActiveCfg = Release|Any CPU
		{9F5C86BF-8684-4D20-8A97-0BCE2D9CFF1E}.Release|Any CPU.Build.0 = Release|Any CPU
		{9F5C86BF-8684-4D20-8A97-0BCE2D9CFF1E}.Release|x64.ActiveCfg = Release|Any CPU
		{9F5C86BF-8684-4D20-8A97-0BCE2D9CFF1E}.Release|x64.Build.0 = Release|Any CPU
		{9F5C86BF-8684-4D20-8A97-0BCE2D9CFF1E}.Release|x86.ActiveCfg = Release|Any CPU
		{9F5C86BF-8684-4D20-8A97-0BCE2D9CFF1E}.Release|x86.Build.0 = Release|Any CPU
		{311F8AB2-D7EE-484D-A62C-7C28B7E5DF75}.Debug|Any CPU.ActiveCfg = Debug|Any CPU
		{311F8AB2-D7EE-484D-A62C-7C28B7E5DF75}.Debug|Any CPU.Build.0 = Debug|Any CPU
		{311F8AB2-D7EE-484D-A62C-7C28B7E5DF75}.Debug|x64.ActiveCfg = Debug|Any CPU
		{311F8AB2-D7EE-484D-A62C-7C28B7E5DF75}.Debug|x64.Build.0 = Debug|Any CPU
		{311F8AB2-D7EE-484D-A62C-7C28B7E5DF75}.Debug|x86.ActiveCfg = Debug|Any CPU
		{311F8AB2-D7EE-484D-A62C-7C28B7E5DF75}.Debug|x86.Build.0 = Debug|Any CPU
		{311F8AB2-D7EE-484D-A62C-7C28B7E5DF75}.Release|Any CPU.ActiveCfg = Release|Any CPU
		{311F8AB2-D7EE-484D-A62C-7C28B7E5DF75}.Release|Any CPU.Build.0 = Release|Any CPU
		{311F8AB2-D7EE-484D-A62C-7C28B7E5DF75}.Release|x64.ActiveCfg = Release|Any CPU
		{311F8AB2-D7EE-484D-A62C-7C28B7E5DF75}.Release|x64.Build.0 = Release|Any CPU
		{311F8AB2-D7EE-484D-A62C-7C28B7E5DF75}.Release|x86.ActiveCfg = Release|Any CPU
		{311F8AB2-D7EE-484D-A62C-7C28B7E5DF75}.Release|x86.Build.0 = Release|Any CPU
		{52B0C4CC-279C-C82E-80DB-CACC5AC12A16}.Debug|Any CPU.ActiveCfg = Debug|Any CPU
		{52B0C4CC-279C-C82E-80DB-CACC5AC12A16}.Debug|Any CPU.Build.0 = Debug|Any CPU
		{52B0C4CC-279C-C82E-80DB-CACC5AC12A16}.Debug|x64.ActiveCfg = Debug|Any CPU
		{52B0C4CC-279C-C82E-80DB-CACC5AC12A16}.Debug|x64.Build.0 = Debug|Any CPU
		{52B0C4CC-279C-C82E-80DB-CACC5AC12A16}.Debug|x86.ActiveCfg = Debug|Any CPU
		{52B0C4CC-279C-C82E-80DB-CACC5AC12A16}.Debug|x86.Build.0 = Debug|Any CPU
		{52B0C4CC-279C-C82E-80DB-CACC5AC12A16}.Release|Any CPU.ActiveCfg = Release|Any CPU
		{52B0C4CC-279C-C82E-80DB-CACC5AC12A16}.Release|Any CPU.Build.0 = Release|Any CPU
		{52B0C4CC-279C-C82E-80DB-CACC5AC12A16}.Release|x64.ActiveCfg = Release|Any CPU
		{52B0C4CC-279C-C82E-80DB-CACC5AC12A16}.Release|x64.Build.0 = Release|Any CPU
		{52B0C4CC-279C-C82E-80DB-CACC5AC12A16}.Release|x86.ActiveCfg = Release|Any CPU
		{52B0C4CC-279C-C82E-80DB-CACC5AC12A16}.Release|x86.Build.0 = Release|Any CPU
		{98D69A79-5876-4848-9C4B-2EE7C7B76F61}.Debug|Any CPU.ActiveCfg = Debug|Any CPU
		{98D69A79-5876-4848-9C4B-2EE7C7B76F61}.Debug|Any CPU.Build.0 = Debug|Any CPU
		{98D69A79-5876-4848-9C4B-2EE7C7B76F61}.Debug|x64.ActiveCfg = Debug|Any CPU
		{98D69A79-5876-4848-9C4B-2EE7C7B76F61}.Debug|x64.Build.0 = Debug|Any CPU
		{98D69A79-5876-4848-9C4B-2EE7C7B76F61}.Debug|x86.ActiveCfg = Debug|Any CPU
		{98D69A79-5876-4848-9C4B-2EE7C7B76F61}.Debug|x86.Build.0 = Debug|Any CPU
		{98D69A79-5876-4848-9C4B-2EE7C7B76F61}.Release|Any CPU.ActiveCfg = Release|Any CPU
		{98D69A79-5876-4848-9C4B-2EE7C7B76F61}.Release|Any CPU.Build.0 = Release|Any CPU
		{98D69A79-5876-4848-9C4B-2EE7C7B76F61}.Release|x64.ActiveCfg = Release|Any CPU
		{98D69A79-5876-4848-9C4B-2EE7C7B76F61}.Release|x64.Build.0 = Release|Any CPU
		{98D69A79-5876-4848-9C4B-2EE7C7B76F61}.Release|x86.ActiveCfg = Release|Any CPU
		{98D69A79-5876-4848-9C4B-2EE7C7B76F61}.Release|x86.Build.0 = Release|Any CPU
	EndGlobalSection
	GlobalSection(SolutionProperties) = preSolution
		HideSolutionNode = FALSE
	EndGlobalSection
	GlobalSection(NestedProjects) = preSolution
		{9F5C86BF-8684-4D20-8A97-0BCE2D9CFF1E} = {3CBB4D37-6EE3-41BA-AF23-205E392E4CC6}
		{311F8AB2-D7EE-484D-A62C-7C28B7E5DF75} = {3CBB4D37-6EE3-41BA-AF23-205E392E4CC6}
		{52B0C4CC-279C-C82E-80DB-CACC5AC12A16} = {2EDE0511-98F6-48E9-AE50-4E1022CF42A7}
		{98D69A79-5876-4848-9C4B-2EE7C7B76F61} = {02EA681E-C7D8-13C7-8484-4AC65E1B71E8}
	EndGlobalSection
	GlobalSection(ExtensibilityGlobals) = postSolution
		SolutionGuid = {3AA13ACD-48FF-4819-8492-BA252B6CF129}
	EndGlobalSection
EndGlobal
